
Microsoft Visual Studio Solution File, Format Version 12.00
# Visual Studio Version 17
VisualStudioVersion = 17.13.35919.96 d17.13
MinimumVisualStudioVersion = 10.0.40219.1
Project("{FAE04EC0-301F-11D3-BF4B-00C04F79EFBC}") = "QLBH_64131491", "QLBH_64131491\QLBH_64131491.csproj", "{80137F59-938B-4755-9824-8D3D229ADE30}"
EndProject
Global
	GlobalSection(SolutionConfigurationPlatforms) = preSolution
		Debug|Any CPU = Debug|Any CPU
		Release|Any CPU = Release|Any CPU
	EndGlobalSection
	GlobalSection(ProjectConfigurationPlatforms) = postSolution
		{80137F59-938B-4755-9824-8D3D229ADE30}.Debug|Any CPU.ActiveCfg = Debug|Any CPU
		{80137F59-938B-4755-9824-8D3D229ADE30}.Debug|Any CPU.Build.0 = Debug|Any CPU
		{80137F59-938B-4755-9824-8D3D229ADE30}.Release|Any CPU.ActiveCfg = Release|Any CPU
		{80137F59-938B-4755-9824-8D3D229ADE30}.Release|Any CPU.Build.0 = Release|Any CPU
	EndGlobalSection
	GlobalSection(SolutionProperties) = preSolution
		HideSolutionNode = FALSE
	EndGlobalSection
	GlobalSection(ExtensibilityGlobals) = postSolution
		SolutionGuid = {26364277-E87E-4245-B178-0DEF3B4169F4}
	EndGlobalSection
EndGlobal
